# THIS IS AN AUTOGENERATED FILE. DO NOT EDIT THIS FILE DIRECTLY.
# yarn lockfile v1


"@emnapi/core@^1.5.0":
  version "1.7.1"
  resolved "https://registry.yarnpkg.com/@emnapi/core/-/core-1.7.1.tgz#3a79a02dbc84f45884a1806ebb98e5746bdfaac4"
  integrity sha512-o1uhUASyo921r2XtHYOHy7gdkGLge8ghBEQHMWmyJFoXlpU58kIrhhN3w26lpQb6dspetweapMn2CSNwQ8I4wg==
  dependencies:
    "@emnapi/wasi-threads" "1.1.0"
    tslib "^2.4.0"

"@emnapi/runtime@^1.5.0":
  version "1.7.1"
  resolved "https://registry.yarnpkg.com/@emnapi/runtime/-/runtime-1.7.1.tgz#a73784e23f5d57287369c808197288b52276b791"
  integrity sha512-PVtJr5CmLwYAU9PZDMITZoR5iAOShYREoR45EyyLrbntV50mdePTgUn4AmOw90Ifcj+x2kRjdzr1HP3RrNiHGA==
  dependencies:
    tslib "^2.4.0"

"@emnapi/wasi-threads@1.1.0":
  version "1.1.0"
  resolved "https://registry.yarnpkg.com/@emnapi/wasi-threads/-/wasi-threads-1.1.0.tgz#60b2102fddc9ccb78607e4a3cf8403ea69be41bf"
  integrity sha512-WI0DdZ8xFSbgMjR1sFsKABJ/C5OnRrjT06JXbZKexJGrDuPTzZdDYfFlsgcCXCyf+suG5QU2e/y1Wo2V/OapLQ==
  dependencies:
    tslib "^2.4.0"

"@module-federation/error-codes@0.21.4":
  version "0.21.4"
  resolved "https://registry.yarnpkg.com/@module-federation/error-codes/-/error-codes-0.21.4.tgz#037c15c641e67c2c5465d2d3f442724395691f55"
  integrity sha512-ClpL5MereWNXh+EgDjz7w4RrC1JlisQTvXDa1gLxpviHafzNDfdViVmuhi9xXVuj+EYo8KU70Y999KHhk9424Q==

"@module-federation/runtime-core@0.21.4":
  version "0.21.4"
  resolved "https://registry.yarnpkg.com/@module-federation/runtime-core/-/runtime-core-0.21.4.tgz#3254ee1be28255f9b115fe02d462672ae0f66584"
  integrity sha512-SGpmoOLGNxZofpTOk6Lxb2ewaoz5wMi93AFYuuJB04HTVcngEK+baNeUZ2D/xewrqNIJoMY6f5maUjVfIIBPUA==
  dependencies:
    "@module-federation/error-codes" "0.21.4"
    "@module-federation/sdk" "0.21.4"

"@module-federation/runtime-tools@0.21.4":
  version "0.21.4"
  resolved "https://registry.yarnpkg.com/@module-federation/runtime-tools/-/runtime-tools-0.21.4.tgz#dbaf6d0a21ee72fc343f0d9dc50eeabb5fd9f5ba"
  integrity sha512-RzFKaL0DIjSmkn76KZRfzfB6dD07cvID84950jlNQgdyoQFUGkqD80L6rIpVCJTY/R7LzR3aQjHnoqmq4JPo3w==
  dependencies:
    "@module-federation/runtime" "0.21.4"
    "@module-federation/webpack-bundler-runtime" "0.21.4"

"@module-federation/runtime@0.21.4":
  version "0.21.4"
  resolved "https://registry.yarnpkg.com/@module-federation/runtime/-/runtime-0.21.4.tgz#f07cc2dd9786b26d3af5440793693b953a818b97"
  integrity sha512-wgvGqryurVEvkicufJmTG0ZehynCeNLklv8kIk5BLIsWYSddZAE+xe4xov1kgH5fIJQAoQNkRauFFjVNlHoAkA==
  dependencies:
    "@module-federation/error-codes" "0.21.4"
    "@module-federation/runtime-core" "0.21.4"
    "@module-federation/sdk" "0.21.4"

"@module-federation/sdk@0.21.4":
  version "0.21.4"
  resolved "https://registry.yarnpkg.com/@module-federation/sdk/-/sdk-0.21.4.tgz#4b4757b527d9a2758d01c5aadec7963348f43385"
  integrity sha512-tzvhOh/oAfX++6zCDDxuvioHY4Jurf8vcfoCbKFxusjmyKr32GPbwFDazUP+OPhYCc3dvaa9oWU6X/qpUBLfJw==

"@module-federation/webpack-bundler-runtime@0.21.4":
  version "0.21.4"
  resolved "https://registry.yarnpkg.com/@module-federation/webpack-bundler-runtime/-/webpack-bundler-runtime-0.21.4.tgz#d8651c5bb8e7bc999300f32f0e11358a6acd0501"
  integrity sha512-dusmR3uPnQh9u9ChQo3M+GLOuGFthfvnh7WitF/a1eoeTfRmXqnMFsXtZCUK+f/uXf+64874Zj/bhAgbBcVHZA==
  dependencies:
    "@module-federation/runtime" "0.21.4"
    "@module-federation/sdk" "0.21.4"

"@napi-rs/wasm-runtime@1.0.7":
  version "1.0.7"
  resolved "https://registry.yarnpkg.com/@napi-rs/wasm-runtime/-/wasm-runtime-1.0.7.tgz#dcfea99a75f06209a235f3d941e3460a51e9b14c"
  integrity sha512-SeDnOO0Tk7Okiq6DbXmmBODgOAb9dp9gjlphokTUxmt8U3liIP1ZsozBahH69j/RJv+Rfs6IwUKHTgQYJ/HBAw==
  dependencies:
    "@emnapi/core" "^1.5.0"
    "@emnapi/runtime" "^1.5.0"
    "@tybys/wasm-util" "^0.10.1"

"@rsbuild/core@^1.6.4":
  version "1.6.7"
  resolved "https://registry.yarnpkg.com/@rsbuild/core/-/core-1.6.7.tgz#5147a210c1eff64dac87804eec44652556763612"
  integrity sha512-V0INbMrT/LwyhzKmvpupe2oSvPFWaivz7sdriFRp381BJvD0d2pYcq9iRW91bxgMRX78MgTzFYAu868hMAzoSw==
  dependencies:
    "@rspack/core" "1.6.4"
    "@rspack/lite-tapable" "~1.1.0"
    "@swc/helpers" "^0.5.17"
    core-js "~3.46.0"
    jiti "^2.6.1"

"@rsbuild/plugin-react@^1.4.2":
  version "1.4.2"
  resolved "https://registry.yarnpkg.com/@rsbuild/plugin-react/-/plugin-react-1.4.2.tgz#8d7083b86aebad63707006abd08797f1326b2701"
  integrity sha512-2rJb5mOuqVof2aDq4SbB1E65+0n1vjhAADipC88jvZRNuTOulg79fh7R4tsCiBMI4VWq46gSpwekiK8G5bq6jg==
  dependencies:
    "@rspack/plugin-react-refresh" "^1.5.2"
    react-refresh "^0.18.0"

"@rspack/binding-darwin-arm64@1.6.4":
  version "1.6.4"
  resolved "https://registry.yarnpkg.com/@rspack/binding-darwin-arm64/-/binding-darwin-arm64-1.6.4.tgz#107882828aa9e7e958da90fd118803925525461a"
  integrity sha512-qD2C5xwdY2qKEXTZiPJQx1L1kELapOc0AaZDqcAyzXs30d1qTKpx6PdyW3HN+gueKovyWZwMMYfz6RxcMCnaDQ==

"@rspack/binding-darwin-x64@1.6.4":
  version "1.6.4"
  resolved "https://registry.yarnpkg.com/@rspack/binding-darwin-x64/-/binding-darwin-x64-1.6.4.tgz#343aecc01b6f07cd8078b878ee5510efc992ecc0"
  integrity sha512-IHceyLDxeubqIrGz4gUqJavnygTij4vtDDE2Fkgobz7hkTJwGtD5mxBKbVNRqGvhrasVw0h9rEjR7tdbDSiUhQ==

"@rspack/binding-linux-arm64-gnu@1.6.4":
  version "1.6.4"
  resolved "https://registry.yarnpkg.com/@rspack/binding-linux-arm64-gnu/-/binding-linux-arm64-gnu-1.6.4.tgz#1485cff0c2e7e082d1631385710677096daa0b8d"
  integrity sha512-Ldpoz2wWnBaL2+XKLIOyCZMkAkd4pk/L24EVgma3SpRtwgenLEr10bQupvwGAK5OLkjayslOTZmRiAv0FH5o/w==

"@rspack/binding-linux-arm64-musl@1.6.4":
  version "1.6.4"
  resolved "https://registry.yarnpkg.com/@rspack/binding-linux-arm64-musl/-/binding-linux-arm64-musl-1.6.4.tgz#2a030321d14d9ce0a5d49b3c3e12de9074f56db8"
  integrity sha512-3fLMSDK5yMjKmx7iFbYG3P3A0xNdtmNu09v5P6hzq65tkJ3dflIt3p8DvtOTURtuSgQZV2A1LDd9hpIXdnigqA==

"@rspack/binding-linux-x64-gnu@1.6.4":
  version "1.6.4"
  resolved "https://registry.yarnpkg.com/@rspack/binding-linux-x64-gnu/-/binding-linux-x64-gnu-1.6.4.tgz#960afc420c5de14b895ff54075d4f9bd8172d770"
  integrity sha512-5YzXUKLnaiqND05CDgkKE0WNRtC1ulkVncYs78xPikonzZmgVXa8eRaTPOZC6ZjpLR0eTsg+MSesLUsPUu27hA==

"@rspack/binding-linux-x64-musl@1.6.4":
  version "1.6.4"
  resolved "https://registry.yarnpkg.com/@rspack/binding-linux-x64-musl/-/binding-linux-x64-musl-1.6.4.tgz#cc47227efcae86ed254d737fc98c22f9df3e0a56"
  integrity sha512-KcSFla8a9bXG1mmV5oQ1R5h/dSXfd41/qHOsNuLqho2UCX8CVh4dezUA153dj7p1S4yOhTy6VZZi6C1szweE9A==

"@rspack/binding-wasm32-wasi@1.6.4":
  version "1.6.4"
  resolved "https://registry.yarnpkg.com/@rspack/binding-wasm32-wasi/-/binding-wasm32-wasi-1.6.4.tgz#7a003e14399eb2c73360d028e859678f4f8b73ca"
  integrity sha512-mfFJbDJkRy5I1iW3m0JlWbc0X8pjVd+GRUz5nhbccwEhSQOc27ao3evf7XPU4aaDxud1B3UEqYiRcRmtm1BrjA==
  dependencies:
    "@napi-rs/wasm-runtime" "1.0.7"

"@rspack/binding-win32-arm64-msvc@1.6.4":
  version "1.6.4"
  resolved "https://registry.yarnpkg.com/@rspack/binding-win32-arm64-msvc/-/binding-win32-arm64-msvc-1.6.4.tgz#a3ef80f958538950ead3bd30b39ea4b46fb982bf"
  integrity sha512-QtIqxsfeTSS1lwfaPGrPFfJ9ir/3aWZv5t3iAgYj/CNUA8MTKWt4vQKcco7NRIGK4ZLMI+dgJBFtvd/lUDMQsw==

"@rspack/binding-win32-ia32-msvc@1.6.4":
  version "1.6.4"
  resolved "https://registry.yarnpkg.com/@rspack/binding-win32-ia32-msvc/-/binding-win32-ia32-msvc-1.6.4.tgz#6e9f4b36d546764308b2c65551cfd68cebf79f8d"
  integrity sha512-HXEWGDllgh0jFwjGhkGcLqb0dzXbc/rA8vQr2JcSdC41p1DTzLgO215jWdKSIvzCzhyPh3VeQkXk76hjFB2cLQ==

"@rspack/binding-win32-x64-msvc@1.6.4":
  version "1.6.4"
  resolved "https://registry.yarnpkg.com/@rspack/binding-win32-x64-msvc/-/binding-win32-x64-msvc-1.6.4.tgz#ad0e9fb5896d118274dbcf36bf3e27db40828f2c"
  integrity sha512-MAO5rOnGYoeuT2LPn/P7JVJCi3d78XoXgOq3tkGh6qXhvhkjsBRtYluWCzACXQpXfFHEWYd7uT5yHoZgxiVuoA==

"@rspack/binding@1.6.4":
  version "1.6.4"
  resolved "https://registry.yarnpkg.com/@rspack/binding/-/binding-1.6.4.tgz#0937f234f81f5af3c2297dcd8ee93da34b5f535f"
  integrity sha512-vUxc/zUdsCuyysOvP4CTdIYxsZPb2jIXST5vrLABiTPIaHpXZ0hVdgKif2XPJwJeuCVS6w25xvyPN0mBCU0MvQ==
  optionalDependencies:
    "@rspack/binding-darwin-arm64" "1.6.4"
    "@rspack/binding-darwin-x64" "1.6.4"
    "@rspack/binding-linux-arm64-gnu" "1.6.4"
    "@rspack/binding-linux-arm64-musl" "1.6.4"
    "@rspack/binding-linux-x64-gnu" "1.6.4"
    "@rspack/binding-linux-x64-musl" "1.6.4"
    "@rspack/binding-wasm32-wasi" "1.6.4"
    "@rspack/binding-win32-arm64-msvc" "1.6.4"
    "@rspack/binding-win32-ia32-msvc" "1.6.4"
    "@rspack/binding-win32-x64-msvc" "1.6.4"

"@rspack/core@1.6.4":
  version "1.6.4"
  resolved "https://registry.yarnpkg.com/@rspack/core/-/core-1.6.4.tgz#a2b9624f2f5f1d63237b062ee76de932463eb23e"
  integrity sha512-5F1+MQD8rfbFbUHnaiZe4jqOu9pnSb+PliqQvi0lj+uvpMpcS3sJDIs/mz6P1u87lfkfBXChIT4zSLAzeOgMWw==
  dependencies:
    "@module-federation/runtime-tools" "0.21.4"
    "@rspack/binding" "1.6.4"
    "@rspack/lite-tapable" "1.1.0"

"@rspack/lite-tapable@1.1.0", "@rspack/lite-tapable@~1.1.0":
  version "1.1.0"
  resolved "https://registry.yarnpkg.com/@rspack/lite-tapable/-/lite-tapable-1.1.0.tgz#3cfdafeed01078e116bd4f191b684c8b484de425"
  integrity sha512-E2B0JhYFmVAwdDiG14+DW0Di4Ze4Jg10Pc4/lILUrd5DRCaklduz2OvJ5HYQ6G+hd+WTzqQb3QnDNfK4yvAFYw==

"@rspack/plugin-react-refresh@^1.5.2":
  version "1.5.3"
  resolved "https://registry.yarnpkg.com/@rspack/plugin-react-refresh/-/plugin-react-refresh-1.5.3.tgz#585675cc5b8810eb3ee2c5132d40150db2313126"
  integrity sha512-VOnQMf3YOHkTqJ0+BJbrYga4tQAWNwoAnkgwRauXB4HOyCc5wLfBs9DcOFla/2usnRT3Sq6CMVhXmdPobwAoTA==
  dependencies:
    error-stack-parser "^2.1.4"
    html-entities "^2.6.0"

"@swc/helpers@^0.5.17":
  version "0.5.17"
  resolved "https://registry.yarnpkg.com/@swc/helpers/-/helpers-0.5.17.tgz#5a7be95ac0f0bf186e7e6e890e7a6f6cda6ce971"
  integrity sha512-5IKx/Y13RsYd+sauPb2x+U/xZikHjolzfuDgTAl/Tdf3Q8rslRvC19NKDLgAJQ6wsqADk10ntlv08nPFw/gO/A==
  dependencies:
    tslib "^2.8.0"

"@tybys/wasm-util@^0.10.1":
  version "0.10.1"
  resolved "https://registry.yarnpkg.com/@tybys/wasm-util/-/wasm-util-0.10.1.tgz#ecddd3205cf1e2d5274649ff0eedd2991ed7f414"
  integrity sha512-9tTaPJLSiejZKx+Bmog4uSubteqTvFrVrURwkmHixBo0G4seD0zUxp98E1DzUBJxLQ3NPwXrGKDiVjwx/DpPsg==
  dependencies:
    tslib "^2.4.0"

"@types/react-dom@^19.2.3":
  version "19.2.3"
  resolved "https://registry.yarnpkg.com/@types/react-dom/-/react-dom-19.2.3.tgz#c1e305d15a52a3e508d54dca770d202cb63abf2c"
  integrity sha512-jp2L/eY6fn+KgVVQAOqYItbF0VY/YApe5Mz2F0aykSO8gx31bYCZyvSeYxCHKvzHG5eZjc+zyaS5BrBWya2+kQ==

"@types/react@^19.2.4":
  version "19.2.6"
  resolved "https://registry.yarnpkg.com/@types/react/-/react-19.2.6.tgz#d27db1ff45012d53980f5589fda925278e1249ca"
  integrity sha512-p/jUvulfgU7oKtj6Xpk8cA2Y1xKTtICGpJYeJXz2YVO2UcvjQgeRMLDGfDeqeRW2Ta+0QNFwcc8X3GH8SxZz6w==
  dependencies:
    csstype "^3.2.2"

core-js@~3.46.0:
  version "3.46.0"
  resolved "https://registry.yarnpkg.com/core-js/-/core-js-3.46.0.tgz#323a092b96381a9184d0cd49ee9083b2f93373bb"
  integrity sha512-vDMm9B0xnqqZ8uSBpZ8sNtRtOdmfShrvT6h2TuQGLs0Is+cR0DYbj/KWP6ALVNbWPpqA/qPLoOuppJN07humpA==

csstype@^3.2.2:
  version "3.2.3"
  resolved "https://registry.yarnpkg.com/csstype/-/csstype-3.2.3.tgz#ec48c0f3e993e50648c86da559e2610995cf989a"
  integrity sha512-z1HGKcYy2xA8AGQfwrn0PAy+PB7X/GSj3UVJW9qKyn43xWa+gl5nXmU4qqLMRzWVLFC8KusUX8T/0kCiOYpAIQ==

error-stack-parser@^2.1.4:
  version "2.1.4"
  resolved "https://registry.yarnpkg.com/error-stack-parser/-/error-stack-parser-2.1.4.tgz#229cb01cdbfa84440bfa91876285b94680188286"
  integrity sha512-Sk5V6wVazPhq5MhpO+AUxJn5x7XSXGl1R93Vn7i+zS15KDVxQijejNCrz8340/2bgLBjR9GtEG8ZVKONDjcqGQ==
  dependencies:
    stackframe "^1.3.4"

html-entities@^2.6.0:
  version "2.6.0"
  resolved "https://registry.yarnpkg.com/html-entities/-/html-entities-2.6.0.tgz#7c64f1ea3b36818ccae3d3fb48b6974208e984f8"
  integrity sha512-kig+rMn/QOVRvr7c86gQ8lWXq+Hkv6CbAH1hLu+RG338StTpE8Z0b44SDVaqVu7HGKf27frdmUYEs9hTUX/cLQ==

jiti@^2.6.1:
  version "2.6.1"
  resolved "https://registry.yarnpkg.com/jiti/-/jiti-2.6.1.tgz#178ef2fc9a1a594248c20627cd820187a4d78d92"
  integrity sha512-ekilCSN1jwRvIbgeg/57YFh8qQDNbwDb9xT/qu2DAHbFFZUicIl4ygVaAvzveMhMVr3LnpSKTNnwt8PoOfmKhQ==

react-dom@^19.2.0:
  version "19.2.0"
  resolved "https://registry.yarnpkg.com/react-dom/-/react-dom-19.2.0.tgz#00ed1e959c365e9a9d48f8918377465466ec3af8"
  integrity sha512-UlbRu4cAiGaIewkPyiRGJk0imDN2T3JjieT6spoL2UeSf5od4n5LB/mQ4ejmxhCFT1tYe8IvaFulzynWovsEFQ==
  dependencies:
    scheduler "^0.27.0"

react-refresh@^0.18.0:
  version "0.18.0"
  resolved "https://registry.yarnpkg.com/react-refresh/-/react-refresh-0.18.0.tgz#2dce97f4fe932a4d8142fa1630e475c1729c8062"
  integrity sha512-QgT5//D3jfjJb6Gsjxv0Slpj23ip+HtOpnNgnb2S5zU3CB26G/IDPGoy4RJB42wzFE46DRsstbW6tKHoKbhAxw==

react@^19.2.0:
  version "19.2.0"
  resolved "https://registry.yarnpkg.com/react/-/react-19.2.0.tgz#d33dd1721698f4376ae57a54098cb47fc75d93a5"
  integrity sha512-tmbWg6W31tQLeB5cdIBOicJDJRR2KzXsV7uSK9iNfLWQ5bIZfxuPEHp7M8wiHyHnn0DD1i7w3Zmin0FtkrwoCQ==

scheduler@^0.27.0:
  version "0.27.0"
  resolved "https://registry.yarnpkg.com/scheduler/-/scheduler-0.27.0.tgz#0c4ef82d67d1e5c1e359e8fc76d3a87f045fe5bd"
  integrity sha512-eNv+WrVbKu1f3vbYJT/xtiF5syA5HPIMtf9IgY/nKg0sWqzAUEvqY/xm7OcZc/qafLx/iO9FgOmeSAp4v5ti/Q==

stackframe@^1.3.4:
  version "1.3.4"
  resolved "https://registry.yarnpkg.com/stackframe/-/stackframe-1.3.4.tgz#b881a004c8c149a5e8efef37d51b16e412943310"
  integrity sha512-oeVtt7eWQS+Na6F//S4kJ2K2VbRlS9D43mAlMyVpVWovy9o+jfgH8O9agzANzaiLjclA0oYzUXEM4PurhSUChw==

tslib@^2.4.0, tslib@^2.8.0:
  version "2.8.1"
  resolved "https://registry.yarnpkg.com/tslib/-/tslib-2.8.1.tgz#612efe4ed235d567e8aba5f2a5fab70280ade83f"
  integrity sha512-oJFu94HQb+KVduSUQL7wnpmqnfmLsOA/nAh6b6EH0wCEoK0/mPeXU6c3wKDV83MkOuHPRHtSXKKU99IBazS/2w==

typescript@^5.9.3:
  version "5.9.3"
  resolved "https://registry.yarnpkg.com/typescript/-/typescript-5.9.3.tgz#5b4f59e15310ab17a216f5d6cf53ee476ede670f"
  integrity sha512-jl1vZzPDinLr9eUt3J/t7V6FgNEw9QjvBPdysz9KfQDD41fQrC2Y4vKQdiaUpFT4bXlb1RHhLpp8wtm6M5TgSw==
